// !$*UTF8*$!
{
	archiveVersion = 1;
	classes = {
	};
	objectVersion = 46;
	objects = {

/* Begin PBXBuildFile section */
		294CB643188D176800AFC219 /* UIKit.framework in Frameworks */ = {isa = PBXBuildFile; fileRef = 294CB642188D176800AFC219 /* UIKit.framework */; };
		294CB645188D176800AFC219 /* Foundation.framework in Frameworks */ = {isa = PBXBuildFile; fileRef = 294CB644188D176800AFC219 /* Foundation.framework */; };
		294CB647188D176800AFC219 /* CoreGraphics.framework in Frameworks */ = {isa = PBXBuildFile; fileRef = 294CB646188D176800AFC219 /* CoreGraphics.framework */; };
		294CB64D188D176800AFC219 /* InfoPlist.strings in Resources */ = {isa = PBXBuildFile; fileRef = 294CB64B188D176800AFC219 /* InfoPlist.strings */; };
		294CB64F188D176800AFC219 /* main.m in Sources */ = {isa = PBXBuildFile; fileRef = 294CB64E188D176800AFC219 /* main.m */; };
		294CB653188D176800AFC219 /* AppDelegate.m in Sources */ = {isa = PBXBuildFile; fileRef = 294CB652188D176800AFC219 /* AppDelegate.m */; };
		294CB656188D176800AFC219 /* MainStoryboard.storyboard in Resources */ = {isa = PBXBuildFile; fileRef = 294CB654188D176800AFC219 /* MainStoryboard.storyboard */; };
		294CB659188D176800AFC219 /* ViewController.m in Sources */ = {isa = PBXBuildFile; fileRef = 294CB658188D176800AFC219 /* ViewController.m */; };
		294CB669188D1DE100AFC219 /* TestObject.m in Sources */ = {isa = PBXBuildFile; fileRef = 294CB668188D1DE100AFC219 /* TestObject.m */; };
/* End PBXBuildFile section */

/* Begin PBXFileReference section */
		294CB63E188D176800AFC219 /* clockTest.app */ = {isa = PBXFileReference; explicitFileType = wrapper.application; includeInIndex = 0; path = clockTest.app; sourceTree = BUILT_PRODUCTS_DIR; };
		294CB642188D176800AFC219 /* UIKit.framework */ = {isa = PBXFileReference; lastKnownFileType = wrapper.framework; name = UIKit.framework; path = System/Library/Frameworks/UIKit.framework; sourceTree = SDKROOT; };
		294CB644188D176800AFC219 /* Foundation.framework */ = {isa = PBXFileReference; lastKnownFileType = wrapper.framework; name = Foundation.framework; path = System/Library/Frameworks/Foundation.framework; sourceTree = SDKROOT; };
		294CB646188D176800AFC219 /* CoreGraphics.framework */ = {isa = PBXFileReference; lastKnownFileType = wrapper.framework; name = CoreGraphics.framework; path = System/Library/Frameworks/CoreGraphics.framework; sourceTree = SDKROOT; };
		294CB64A188D176800AFC219 /* clockTest-Info.plist */ = {isa = PBXFileReference; lastKnownFileType = text.plist.xml; path = "clockTest-Info.plist"; sourceTree = "<group>"; };
		294CB64C188D176800AFC219 /* en */ = {isa = PBXFileReference; lastKnownFileType = text.plist.strings; name = en; path = en.lproj/InfoPlist.strings; sourceTree = "<group>"; };
		294CB64E188D176800AFC219 /* main.m */ = {isa = PBXFileReference; lastKnownFileType = sourcecode.c.objc; path = main.m; sourceTree = "<group>"; };
		294CB650188D176800AFC219 /* clockTest-Prefix.pch */ = {isa = PBXFileReference; lastKnownFileType = sourcecode.c.h; path = "clockTest-Prefix.pch"; sourceTree = "<group>"; };
		294CB651188D176800AFC219 /* AppDelegate.h */ = {isa = PBXFileReference; lastKnownFileType = sourcecode.c.h; path = AppDelegate.h; sourceTree = "<group>"; };
		294CB652188D176800AFC219 /* AppDelegate.m */ = {isa = PBXFileReference; lastKnownFileType = sourcecode.c.objc; path = AppDelegate.m; sourceTree = "<group>"; };
		294CB655188D176800AFC219 /* en */ = {isa = PBXFileReference; lastKnownFileType = file.storyboard; name = en; path = en.lproj/MainStoryboard.storyboard; sourceTree = "<group>"; };
		294CB657188D176800AFC219 /* ViewController.h */ = {isa = PBXFileReference; lastKnownFileType = sourcecode.c.h; path = ViewController.h; sourceTree = "<group>"; };
		294CB658188D176800AFC219 /* ViewController.m */ = {isa = PBXFileReference; lastKnownFileType = sourcecode.c.objc; path = ViewController.m; sourceTree = "<group>"; };
		294CB667188D1DE100AFC219 /* TestObject.h */ = {isa = PBXFileReference; fileEncoding = 4; lastKnownFileType = sourcecode.c.h; path = TestObject.h; sourceTree = "<group>"; };
		294CB668188D1DE100AFC219 /* TestObject.m */ = {isa = PBXFileReference; fileEncoding = 4; lastKnownFileType = sourcecode.c.objc; path = TestObject.m; sourceTree = "<group>"; };
/* End PBXFileReference section */

/* Begin PBXFrameworksBuildPhase section */
		294CB63B188D176800AFC219 /* Frameworks */ = {
			isa = PBXFrameworksBuildPhase;
			buildActionMask = 2147483647;
			files = (
				294CB643188D176800AFC219 /* UIKit.framework in Frameworks */,
				294CB645188D176800AFC219 /* Foundation.framework in Frameworks */,
				294CB647188D176800AFC219 /* CoreGraphics.framework in Frameworks */,
			);
			runOnlyForDeploymentPostprocessing = 0;
		};
/* End PBXFrameworksBuildPhase section */

/* Begin PBXGroup section */
		294CB633188D176800AFC219 = {
			isa = PBXGroup;
			children = (
				294CB66B188D2B5200AFC219 /* Shared Code */,
				294CB648188D176800AFC219 /* clockTest */,
				294CB641188D176800AFC219 /* Frameworks */,
				294CB63F188D176800AFC219 /* Products */,
			);
			sourceTree = "<group>";
		};
		294CB63F188D176800AFC219 /* Products */ = {
			isa = PBXGroup;
			children = (
				294CB63E188D176800AFC219 /* clockTest.app */,
			);
			name = Products;
			sourceTree = "<group>";
		};
		294CB641188D176800AFC219 /* Frameworks */ = {
			isa = PBXGroup;
			children = (
				294CB642188D176800AFC219 /* UIKit.framework */,
				294CB644188D176800AFC219 /* Foundation.framework */,
				294CB646188D176800AFC219 /* CoreGraphics.framework */,
			);
			name = Frameworks;
			sourceTree = "<group>";
		};
		294CB648188D176800AFC219 /* clockTest */ = {
			isa = PBXGroup;
			children = (
				294CB651188D176800AFC219 /* AppDelegate.h */,
				294CB652188D176800AFC219 /* AppDelegate.m */,
				294CB654188D176800AFC219 /* MainStoryboard.storyboard */,
				294CB657188D176800AFC219 /* ViewController.h */,
				294CB658188D176800AFC219 /* ViewController.m */,
				294CB649188D176800AFC219 /* Supporting Files */,
				294CB667188D1DE100AFC219 /* TestObject.h */,
				294CB668188D1DE100AFC219 /* TestObject.m */,
			);
			path = clockTest;
			sourceTree = "<group>";
		};
		294CB649188D176800AFC219 /* Supporting Files */ = {
			isa = PBXGroup;
			children = (
				294CB64A188D176800AFC219 /* clockTest-Info.plist */,
				294CB64B188D176800AFC219 /* InfoPlist.strings */,
				294CB64E188D176800AFC219 /* main.m */,
				294CB650188D176800AFC219 /* clockTest-Prefix.pch */,
			);
			name = "Supporting Files";
			sourceTree = "<group>";
		};
		294CB66B188D2B5200AFC219 /* Shared Code */ = {
			isa = PBXGroup;
			children = (
			);
			name = "Shared Code";
			sourceTree = "<group>";
		};
/* End PBXGroup section */

/* Begin PBXNativeTarget section */
		294CB63D188D176800AFC219 /* clockTest */ = {
			isa = PBXNativeTarget;
			buildConfigurationList = 294CB65C188D176800AFC219 /* Build configuration list for PBXNativeTarget "clockTest" */;
			buildPhases = (
				294CB63A188D176800AFC219 /* Sources */,
				294CB63B188D176800AFC219 /* Frameworks */,
				294CB63C188D176800AFC219 /* Resources */,
			);
			buildRules = (
			);
			dependencies = (
			);
			name = clockTest;
			productName = clockTest;
			productReference = 294CB63E188D176800AFC219 /* clockTest.app */;
			productType = "com.apple.product-type.application";
		};
/* End PBXNativeTarget section */

/* Begin PBXProject section */
		294CB635188D176800AFC219 /* Project object */ = {
			isa = PBXProject;
			attributes = {
				LastUpgradeCheck = 0430;
			};
			buildConfigurationList = 294CB638188D176800AFC219 /* Build configuration list for PBXProject "clockTest" */;
			compatibilityVersion = "Xcode 3.2";
			developmentRegion = English;
			hasScannedForEncodings = 0;
			knownRegions = (
				en,
			);
			mainGroup = 294CB633188D176800AFC219;
			productRefGroup = 294CB63F188D176800AFC219 /* Products */;
			projectDirPath = "";
			projectRoot = "";
			targets = (
				294CB63D188D176800AFC219 /* clockTest */,
			);
		};
/* End PBXProject section */

/* Begin PBXResourcesBuildPhase section */
		294CB63C188D176800AFC219 /* Resources */ = {
			isa = PBXResourcesBuildPhase;
			buildActionMask = 2147483647;
			files = (
				294CB64D188D176800AFC219 /* InfoPlist.strings in Resources */,
				294CB656188D176800AFC219 /* MainStoryboard.storyboard in Resources */,
			);
			runOnlyForDeploymentPostprocessing = 0;
		};
/* End PBXResourcesBuildPhase section */

/* Begin PBXSourcesBuildPhase section */
		294CB63A188D176800AFC219 /* Sources */ = {
			isa = PBXSourcesBuildPhase;
			buildActionMask = 2147483647;
			files = (
				294CB64F188D176800AFC219 /* main.m in Sources */,
				294CB653188D176800AFC219 /* AppDelegate.m in Sources */,
				294CB659188D176800AFC219 /* ViewController.m in Sources */,
				294CB669188D1DE100AFC219 /* TestObject.m in Sources */,
			);
			runOnlyForDeploymentPostprocessing = 0;
		};
/* End PBXSourcesBuildPhase section */

/* Begin PBXVariantGroup section */
		294CB64B188D176800AFC219 /* InfoPlist.strings */ = {
			isa = PBXVariantGroup;
			children = (
				294CB64C188D176800AFC219 /* en */,
			);
			name = InfoPlist.strings;
			sourceTree = "<group>";
		};
		294CB654188D176800AFC219 /* MainStoryboard.storyboard */ = {
			isa = PBXVariantGroup;
			children = (
				294CB655188D176800AFC219 /* en */,
			);
			name = MainStoryboard.storyboard;
			sourceTree = "<group>";
		};
/* End PBXVariantGroup section */

/* Begin XCBuildConfiguration section */
		294CB65A188D176800AFC219 /* Debug */ = {
			isa = XCBuildConfiguration;
			buildSettings = {
				ALWAYS_SEARCH_USER_PATHS = NO;
				ARCHS = "$(ARCHS_STANDARD_32_BIT)";
				CLANG_ENABLE_OBJC_ARC = YES;
				"CODE_SIGN_IDENTITY[sdk=iphoneos*]" = "iPhone Developer";
				COPY_PHASE_STRIP = NO;
				GCC_C_LANGUAGE_STANDARD = gnu99;
				GCC_DYNAMIC_NO_PIC = NO;
				GCC_OPTIMIZATION_LEVEL = 0;
				GCC_PREPROCESSOR_DEFINITIONS = (
					"DEBUG=1",
					"$(inherited)",
				);
				GCC_SYMBOLS_PRIVATE_EXTERN = NO;
				GCC_VERSION = com.apple.compilers.llvm.clang.1_0;
				GCC_WARN_ABOUT_RETURN_TYPE = YES;
				GCC_WARN_UNINITIALIZED_AUTOS = YES;
				GCC_WARN_UNUSED_VARIABLE = YES;
				IPHONEOS_DEPLOYMENT_TARGET = 5.1;
				SDKROOT = iphoneos;
			};
			name = Debug;
		};
		294CB65B188D176800AFC219 /* Release */ = {
			isa = XCBuildConfiguration;
			buildSettings = {
				ALWAYS_SEARCH_USER_PATHS = NO;
				ARCHS = "$(ARCHS_STANDARD_32_BIT)";
				CLANG_ENABLE_OBJC_ARC = YES;
				"CODE_SIGN_IDENTITY[sdk=iphoneos*]" = "iPhone Developer";
				COPY_PHASE_STRIP = YES;
				GCC_C_LANGUAGE_STANDARD = gnu99;
				GCC_VERSION = com.apple.compilers.llvm.clang.1_0;
				GCC_WARN_ABOUT_RETURN_TYPE = YES;
				GCC_WARN_UNINITIALIZED_AUTOS = YES;
				GCC_WARN_UNUSED_VARIABLE = YES;
				IPHONEOS_DEPLOYMENT_TARGET = 5.1;
				OTHER_CFLAGS = "-DNS_BLOCK_ASSERTIONS=1";
				SDKROOT = iphoneos;
				VALIDATE_PRODUCT = YES;
			};
			name = Release;
		};
		294CB65D188D176800AFC219 /* Debug */ = {
			isa = XCBuildConfiguration;
			buildSettings = {
				GCC_PRECOMPILE_PREFIX_HEADER = YES;
				GCC_PREFIX_HEADER = "clockTest/clockTest-Prefix.pch";
				INFOPLIST_FILE = "clockTest/clockTest-Info.plist";
				PRODUCT_NAME = "$(TARGET_NAME)";
				WRAPPER_EXTENSION = app;
			};
			name = Debug;
		};
		294CB65E188D176800AFC219 /* Release */ = {
			isa = XCBuildConfiguration;
			buildSettings = {
				GCC_PRECOMPILE_PREFIX_HEADER = YES;
				GCC_PREFIX_HEADER = "clockTest/clockTest-Prefix.pch";
				INFOPLIST_FILE = "clockTest/clockTest-Info.plist";
				PRODUCT_NAME = "$(TARGET_NAME)";
				WRAPPER_EXTENSION = app;
			};
			name = Release;
		};
/* End XCBuildConfiguration section */

/* Begin XCConfigurationList section */
		294CB638188D176800AFC219 /* Build configuration list for PBXProject "clockTest" */ = {
			isa = XCConfigurationList;
			buildConfigurations = (
				294CB65A188D176800AFC219 /* Debug */,
				294CB65B188D176800AFC219 /* Release */,
			);
			defaultConfigurationIsVisible = 0;
			defaultConfigurationName = Release;
		};
		294CB65C188D176800AFC219 /* Build configuration list for PBXNativeTarget "clockTest" */ = {
			isa = XCConfigurationList;
			buildConfigurations = (
				294CB65D188D176800AFC219 /* Debug */,
				294CB65E188D176800AFC219 /* Release */,
			);
			defaultConfigurationIsVisible = 0;
			defaultConfigurationName = Release;
		};
/* End XCConfigurationList section */
	};
	rootObject = 294CB635188D176800AFC219 /* Project object */;
}
